
Microsoft Visual Studio Solution File, Format Version 12.00
# Visual Studio Version 17
VisualStudioVersion = 17.4.33122.133
MinimumVisualStudioVersion = 10.0.40219.1
Project("{2150E333-8FDC-42A3-9474-1A3956D46DE8}") = "CQRS-ES", "CQRS-ES", "{2ACA271F-3DFE-4124-9BC9-B5A68B257D81}"
EndProject
Project("{2150E333-8FDC-42A3-9474-1A3956D46DE8}") = "SM-Post", "SM-Post", "{A86A94E0-D344-4355-9025-AB3E1F4B41DE}"
EndProject
Project("{2150E333-8FDC-42A3-9474-1A3956D46DE8}") = "Post.Cmd", "Post.Cmd", "{70329AD8-9A29-4471-8176-05A14F88CDB1}"
EndProject
Project("{2150E333-8FDC-42A3-9474-1A3956D46DE8}") = "Post.Query", "Post.Query", "{A6EEFC7E-A4DB-4F6A-85FE-D0D02F643A8A}"
EndProject
Project("{9A19103F-16F7-4668-BE54-9A1E7A4F7556}") = "CQRS.Core", "CQRS-ES\CQRS.Core\CQRS.Core.csproj", "{428C4589-C37F-4478-B129-2C1CC658D30F}"
EndProject
Project("{9A19103F-16F7-4668-BE54-9A1E7A4F7556}") = "Post.Cmd.Domain", "SM-Post\Post.Cmd\Post.Cmd.Domain\Post.Cmd.Domain.csproj", "{C7725804-8031-4852-B784-DC8736E73B6F}"
EndProject
Project("{9A19103F-16F7-4668-BE54-9A1E7A4F7556}") = "Post.Cmd.Infra", "SM-Post\Post.Cmd\Post.Cmd.Infra\Post.Cmd.Infra.csproj", "{A3FBA72F-3A83-4F2D-9C43-2C4D1C70F1AD}"
EndProject
Project("{9A19103F-16F7-4668-BE54-9A1E7A4F7556}") = "Post.Query.Domain", "SM-Post\Post.Query\Post.Query.Domain\Post.Query.Domain.csproj", "{6E20ACAF-47D9-4BCB-8F54-19C68C2A38E4}"
EndProject
Project("{9A19103F-16F7-4668-BE54-9A1E7A4F7556}") = "Post.Query.Infra", "SM-Post\Post.Query\Post.Query.Infra\Post.Query.Infra.csproj", "{1B964C1C-E4A7-4CC3-93B6-F945BF98E642}"
EndProject
Project("{FAE04EC0-301F-11D3-BF4B-00C04F79EFBC}") = "Post.Common", "SM-Post\Post.Common\Post.Common.csproj", "{45AAD5C0-AA66-4E0E-AC5C-92FC3065A148}"
EndProject
Project("{FAE04EC0-301F-11D3-BF4B-00C04F79EFBC}") = "Post.Cmd.API", "SM-Post\Post.Cmd\Post.Cmd.API\Post.Cmd.API\Post.Cmd.API.csproj", "{3CE0CD7E-0818-46FF-9C27-E7C08428B3CC}"
EndProject
Project("{FAE04EC0-301F-11D3-BF4B-00C04F79EFBC}") = "Post.Query.API", "SM-Post\Post.Query\Post.Query.API\Post.Query.API\Post.Query.API.csproj", "{01C04D67-AF59-4FC7-968F-A7991814D6C2}"
EndProject
Global
	GlobalSection(SolutionConfigurationPlatforms) = preSolution
		Debug|Any CPU = Debug|Any CPU
		Release|Any CPU = Release|Any CPU
	EndGlobalSection
	GlobalSection(ProjectConfigurationPlatforms) = postSolution
		{428C4589-C37F-4478-B129-2C1CC658D30F}.Debug|Any CPU.ActiveCfg = Debug|Any CPU
		{428C4589-C37F-4478-B129-2C1CC658D30F}.Debug|Any CPU.Build.0 = Debug|Any CPU
		{428C4589-C37F-4478-B129-2C1CC658D30F}.Release|Any CPU.ActiveCfg = Release|Any CPU
		{428C4589-C37F-4478-B129-2C1CC658D30F}.Release|Any CPU.Build.0 = Release|Any CPU
		{C7725804-8031-4852-B784-DC8736E73B6F}.Debug|Any CPU.ActiveCfg = Debug|Any CPU
		{C7725804-8031-4852-B784-DC8736E73B6F}.Debug|Any CPU.Build.0 = Debug|Any CPU
		{C7725804-8031-4852-B784-DC8736E73B6F}.Release|Any CPU.ActiveCfg = Release|Any CPU
		{C7725804-8031-4852-B784-DC8736E73B6F}.Release|Any CPU.Build.0 = Release|Any CPU
		{A3FBA72F-3A83-4F2D-9C43-2C4D1C70F1AD}.Debug|Any CPU.ActiveCfg = Debug|Any CPU
		{A3FBA72F-3A83-4F2D-9C43-2C4D1C70F1AD}.Debug|Any CPU.Build.0 = Debug|Any CPU
		{A3FBA72F-3A83-4F2D-9C43-2C4D1C70F1AD}.Release|Any CPU.ActiveCfg = Release|Any CPU
		{A3FBA72F-3A83-4F2D-9C43-2C4D1C70F1AD}.Release|Any CPU.Build.0 = Release|Any CPU
		{6E20ACAF-47D9-4BCB-8F54-19C68C2A38E4}.Debug|Any CPU.ActiveCfg = Debug|Any CPU
		{6E20ACAF-47D9-4BCB-8F54-19C68C2A38E4}.Debug|Any CPU.Build.0 = Debug|Any CPU
		{6E20ACAF-47D9-4BCB-8F54-19C68C2A38E4}.Release|Any CPU.ActiveCfg = Release|Any CPU
		{6E20ACAF-47D9-4BCB-8F54-19C68C2A38E4}.Release|Any CPU.Build.0 = Release|Any CPU
		{1B964C1C-E4A7-4CC3-93B6-F945BF98E642}.Debug|Any CPU.ActiveCfg = Debug|Any CPU
		{1B964C1C-E4A7-4CC3-93B6-F945BF98E642}.Debug|Any CPU.Build.0 = Debug|Any CPU
		{1B964C1C-E4A7-4CC3-93B6-F945BF98E642}.Release|Any CPU.ActiveCfg = Release|Any CPU
		{1B964C1C-E4A7-4CC3-93B6-F945BF98E642}.Release|Any CPU.Build.0 = Release|Any CPU
		{45AAD5C0-AA66-4E0E-AC5C-92FC3065A148}.Debug|Any CPU.ActiveCfg = Debug|Any CPU
		{45AAD5C0-AA66-4E0E-AC5C-92FC3065A148}.Debug|Any CPU.Build.0 = Debug|Any CPU
		{45AAD5C0-AA66-4E0E-AC5C-92FC3065A148}.Release|Any CPU.ActiveCfg = Release|Any CPU
		{45AAD5C0-AA66-4E0E-AC5C-92FC3065A148}.Release|Any CPU.Build.0 = Release|Any CPU
		{3CE0CD7E-0818-46FF-9C27-E7C08428B3CC}.Debug|Any CPU.ActiveCfg = Debug|Any CPU
		{3CE0CD7E-0818-46FF-9C27-E7C08428B3CC}.Debug|Any CPU.Build.0 = Debug|Any CPU
		{3CE0CD7E-0818-46FF-9C27-E7C08428B3CC}.Release|Any CPU.ActiveCfg = Release|Any CPU
		{3CE0CD7E-0818-46FF-9C27-E7C08428B3CC}.Release|Any CPU.Build.0 = Release|Any CPU
		{01C04D67-AF59-4FC7-968F-A7991814D6C2}.Debug|Any CPU.ActiveCfg = Debug|Any CPU
		{01C04D67-AF59-4FC7-968F-A7991814D6C2}.Debug|Any CPU.Build.0 = Debug|Any CPU
		{01C04D67-AF59-4FC7-968F-A7991814D6C2}.Release|Any CPU.ActiveCfg = Release|Any CPU
		{01C04D67-AF59-4FC7-968F-A7991814D6C2}.Release|Any CPU.Build.0 = Release|Any CPU
	EndGlobalSection
	GlobalSection(SolutionProperties) = preSolution
		HideSolutionNode = FALSE
	EndGlobalSection
	GlobalSection(NestedProjects) = preSolution
		{70329AD8-9A29-4471-8176-05A14F88CDB1} = {A86A94E0-D344-4355-9025-AB3E1F4B41DE}
		{A6EEFC7E-A4DB-4F6A-85FE-D0D02F643A8A} = {A86A94E0-D344-4355-9025-AB3E1F4B41DE}
		{428C4589-C37F-4478-B129-2C1CC658D30F} = {2ACA271F-3DFE-4124-9BC9-B5A68B257D81}
		{C7725804-8031-4852-B784-DC8736E73B6F} = {70329AD8-9A29-4471-8176-05A14F88CDB1}
		{A3FBA72F-3A83-4F2D-9C43-2C4D1C70F1AD} = {70329AD8-9A29-4471-8176-05A14F88CDB1}
		{6E20ACAF-47D9-4BCB-8F54-19C68C2A38E4} = {A6EEFC7E-A4DB-4F6A-85FE-D0D02F643A8A}
		{1B964C1C-E4A7-4CC3-93B6-F945BF98E642} = {A6EEFC7E-A4DB-4F6A-85FE-D0D02F643A8A}
		{45AAD5C0-AA66-4E0E-AC5C-92FC3065A148} = {A86A94E0-D344-4355-9025-AB3E1F4B41DE}
		{3CE0CD7E-0818-46FF-9C27-E7C08428B3CC} = {70329AD8-9A29-4471-8176-05A14F88CDB1}
		{01C04D67-AF59-4FC7-968F-A7991814D6C2} = {A6EEFC7E-A4DB-4F6A-85FE-D0D02F643A8A}
	EndGlobalSection
	GlobalSection(ExtensibilityGlobals) = postSolution
		SolutionGuid = {A2706B82-2C06-4B92-B12C-76CF6EAF31E9}
	EndGlobalSection
EndGlobal
